// !$*UTF8*$!
{
	archiveVersion = 1;
	classes = {
	};
	objectVersion = 50;
	objects = {

/* Begin PBXBuildFile section */
		38AA196D234BDF0800A72AD7 /* AppDelegate.swift in Sources */ = {isa = PBXBuildFile; fileRef = 38AA196C234BDF0800A72AD7 /* AppDelegate.swift */; };
		38AA196F234BDF0800A72AD7 /* SceneDelegate.swift in Sources */ = {isa = PBXBuildFile; fileRef = 38AA196E234BDF0800A72AD7 /* SceneDelegate.swift */; };
		38AA1971234BDF0800A72AD7 /* ContentView.swift in Sources */ = {isa = PBXBuildFile; fileRef = 38AA1970234BDF0800A72AD7 /* ContentView.swift */; };
		38AA1973234BDF0B00A72AD7 /* Assets.xcassets in Resources */ = {isa = PBXBuildFile; fileRef = 38AA1972234BDF0B00A72AD7 /* Assets.xcassets */; };
		38AA1976234BDF0B00A72AD7 /* Preview Assets.xcassets in Resources */ = {isa = PBXBuildFile; fileRef = 38AA1975234BDF0B00A72AD7 /* Preview Assets.xcassets */; };
		38AA1979234BDF0B00A72AD7 /* LaunchScreen.storyboard in Resources */ = {isa = PBXBuildFile; fileRef = 38AA1977234BDF0B00A72AD7 /* LaunchScreen.storyboard */; };
		38AA1981234BDF2300A72AD7 /* ShareSheet.swift in Sources */ = {isa = PBXBuildFile; fileRef = 38AA1980234BDF2300A72AD7 /* ShareSheet.swift */; };
/* End PBXBuildFile section */

/* Begin PBXFileReference section */
		38AA1969234BDF0800A72AD7 /* ShareSheetDemo.app */ = {isa = PBXFileReference; explicitFileType = wrapper.application; includeInIndex = 0; path = ShareSheetDemo.app; sourceTree = BUILT_PRODUCTS_DIR; };
		38AA196C234BDF0800A72AD7 /* AppDelegate.swift */ = {isa = PBXFileReference; lastKnownFileType = sourcecode.swift; path = AppDelegate.swift; sourceTree = "<group>"; };
		38AA196E234BDF0800A72AD7 /* SceneDelegate.swift */ = {isa = PBXFileReference; lastKnownFileType = sourcecode.swift; path = SceneDelegate.swift; sourceTree = "<group>"; };
		38AA1970234BDF0800A72AD7 /* ContentView.swift */ = {isa = PBXFileReference; lastKnownFileType = sourcecode.swift; path = ContentView.swift; sourceTree = "<group>"; };
		38AA1972234BDF0B00A72AD7 /* Assets.xcassets */ = {isa = PBXFileReference; lastKnownFileType = folder.assetcatalog; path = Assets.xcassets; sourceTree = "<group>"; };
		38AA1975234BDF0B00A72AD7 /* Preview Assets.xcassets */ = {isa = PBXFileReference; lastKnownFileType = folder.assetcatalog; path = "Preview Assets.xcassets"; sourceTree = "<group>"; };
		38AA1978234BDF0B00A72AD7 /* Base */ = {isa = PBXFileReference; lastKnownFileType = file.storyboard; name = Base; path = Base.lproj/LaunchScreen.storyboard; sourceTree = "<group>"; };
		38AA197A234BDF0B00A72AD7 /* Info.plist */ = {isa = PBXFileReference; lastKnownFileType = text.plist.xml; path = Info.plist; sourceTree = "<group>"; };
		38AA1980234BDF2300A72AD7 /* ShareSheet.swift */ = {isa = PBXFileReference; lastKnownFileType = sourcecode.swift; path = ShareSheet.swift; sourceTree = "<group>"; };
/* End PBXFileReference section */

/* Begin PBXFrameworksBuildPhase section */
		38AA1966234BDF0800A72AD7 /* Frameworks */ = {
			isa = PBXFrameworksBuildPhase;
			buildActionMask = 2147483647;
			files = (
			);
			runOnlyForDeploymentPostprocessing = 0;
		};
/* End PBXFrameworksBuildPhase section */

/* Begin PBXGroup section */
		38AA1960234BDF0800A72AD7 = {
			isa = PBXGroup;
			children = (
				38AA196B234BDF0800A72AD7 /* ShareSheetDemo */,
				38AA196A234BDF0800A72AD7 /* Products */,
			);
			sourceTree = "<group>";
		};
		38AA196A234BDF0800A72AD7 /* Products */ = {
			isa = PBXGroup;
			children = (
				38AA1969234BDF0800A72AD7 /* ShareSheetDemo.app */,
			);
			name = Products;
			sourceTree = "<group>";
		};
		38AA196B234BDF0800A72AD7 /* ShareSheetDemo */ = {
			isa = PBXGroup;
			children = (
				38AA196C234BDF0800A72AD7 /* AppDelegate.swift */,
				38AA1980234BDF2300A72AD7 /* ShareSheet.swift */,
				38AA196E234BDF0800A72AD7 /* SceneDelegate.swift */,
				38AA1970234BDF0800A72AD7 /* ContentView.swift */,
				38AA1972234BDF0B00A72AD7 /* Assets.xcassets */,
				38AA1977234BDF0B00A72AD7 /* LaunchScreen.storyboard */,
				38AA197A234BDF0B00A72AD7 /* Info.plist */,
				38AA1974234BDF0B00A72AD7 /* Preview Content */,
			);
			path = ShareSheetDemo;
			sourceTree = "<group>";
		};
		38AA1974234BDF0B00A72AD7 /* Preview Content */ = {
			isa = PBXGroup;
			children = (
				38AA1975234BDF0B00A72AD7 /* Preview Assets.xcassets */,
			);
			path = "Preview Content";
			sourceTree = "<group>";
		};
/* End PBXGroup section */

/* Begin PBXNativeTarget section */
		38AA1968234BDF0800A72AD7 /* ShareSheetDemo */ = {
			isa = PBXNativeTarget;
			buildConfigurationList = 38AA197D234BDF0B00A72AD7 /* Build configuration list for PBXNativeTarget "ShareSheetDemo" */;
			buildPhases = (
				38AA1965234BDF0800A72AD7 /* Sources */,
				38AA1966234BDF0800A72AD7 /* Frameworks */,
				38AA1967234BDF0800A72AD7 /* Resources */,
			);
			buildRules = (
			);
			dependencies = (
			);
			name = ShareSheetDemo;
			productName = ShareSheetDemo;
			productReference = 38AA1969234BDF0800A72AD7 /* ShareSheetDemo.app */;
			productType = "com.apple.product-type.application";
		};
/* End PBXNativeTarget section */

/* Begin PBXProject section */
		38AA1961234BDF0800A72AD7 /* Project object */ = {
			isa = PBXProject;
			attributes = {
				LastSwiftUpdateCheck = 1100;
				LastUpgradeCheck = 1100;
				ORGANIZATIONNAME = "Jim Dovey";
				TargetAttributes = {
					38AA1968234BDF0800A72AD7 = {
						CreatedOnToolsVersion = 11.0;
					};
				};
			};
			buildConfigurationList = 38AA1964234BDF0800A72AD7 /* Build configuration list for PBXProject "ShareSheetDemo" */;
			compatibilityVersion = "Xcode 9.3";
			developmentRegion = en;
			hasScannedForEncodings = 0;
			knownRegions = (
				en,
				Base,
			);
			mainGroup = 38AA1960234BDF0800A72AD7;
			productRefGroup = 38AA196A234BDF0800A72AD7 /* Products */;
			projectDirPath = "";
			projectRoot = "";
			targets = (
				38AA1968234BDF0800A72AD7 /* ShareSheetDemo */,
			);
		};
/* End PBXProject section */

/* Begin PBXResourcesBuildPhase section */
		38AA1967234BDF0800A72AD7 /* Resources */ = {
			isa = PBXResourcesBuildPhase;
			buildActionMask = 2147483647;
			files = (
				38AA1979234BDF0B00A72AD7 /* LaunchScreen.storyboard in Resources */,
				38AA1976234BDF0B00A72AD7 /* Preview Assets.xcassets in Resources */,
				38AA1973234BDF0B00A72AD7 /* Assets.xcassets in Resources */,
			);
			runOnlyForDeploymentPostprocessing = 0;
		};
/* End PBXResourcesBuildPhase section */

/* Begin PBXSourcesBuildPhase section */
		38AA1965234BDF0800A72AD7 /* Sources */ = {
			isa = PBXSourcesBuildPhase;
			buildActionMask = 2147483647;
			files = (
				38AA196D234BDF0800A72AD7 /* AppDelegate.swift in Sources */,
				38AA196F234BDF0800A72AD7 /* SceneDelegate.swift in Sources */,
				38AA1971234BDF0800A72AD7 /* ContentView.swift in Sources */,
				38AA1981234BDF2300A72AD7 /* ShareSheet.swift in Sources */,
			);
			runOnlyForDeploymentPostprocessing = 0;
		};
/* End PBXSourcesBuildPhase section */

/* Begin PBXVariantGroup section */
		38AA1977234BDF0B00A72AD7 /* LaunchScreen.storyboard */ = {
			isa = PBXVariantGroup;
			children = (
				38AA1978234BDF0B00A72AD7 /* Base */,
			);
			name = LaunchScreen.storyboard;
			sourceTree = "<group>";
		};
/* End PBXVariantGroup section */

/* Begin XCBuildConfiguration section */
		38AA197B234BDF0B00A72AD7 /* Debug */ = {
			isa = XCBuildConfiguration;
			buildSettings = {
				ALWAYS_SEARCH_USER_PATHS = NO;
				CLANG_ANALYZER_NONNULL = YES;
				CLANG_ANALYZER_NUMBER_OBJECT_CONVERSION = YES_AGGRESSIVE;
				CLANG_CXX_LANGUAGE_STANDARD = "gnu++14";
				CLANG_CXX_LIBRARY = "libc++";
				CLANG_ENABLE_MODULES = YES;
				CLANG_ENABLE_OBJC_ARC = YES;
				CLANG_ENABLE_OBJC_WEAK = YES;
				CLANG_WARN_BLOCK_CAPTURE_AUTORELEASING = YES;
				CLANG_WARN_BOOL_CONVERSION = YES;
				CLANG_WARN_COMMA = YES;
				CLANG_WARN_CONSTANT_CONVERSION = YES;
				CLANG_WARN_DEPRECATED_OBJC_IMPLEMENTATIONS = YES;
				CLANG_WARN_DIRECT_OBJC_ISA_USAGE = YES_ERROR;
				CLANG_WARN_DOCUMENTATION_COMMENTS = YES;
				CLANG_WARN_EMPTY_BODY = YES;
				CLANG_WARN_ENUM_CONVERSION = YES;
				CLANG_WARN_INFINITE_RECURSION = YES;
				CLANG_WARN_INT_CONVERSION = YES;
				CLANG_WARN_NON_LITERAL_NULL_CONVERSION = YES;
				CLANG_WARN_OBJC_IMPLICIT_RETAIN_SELF = YES;
				CLANG_WARN_OBJC_LITERAL_CONVERSION = YES;
				CLANG_WARN_OBJC_ROOT_CLASS = YES_ERROR;
				CLANG_WARN_RANGE_LOOP_ANALYSIS = YES;
				CLANG_WARN_STRICT_PROTOTYPES = YES;
				CLANG_WARN_SUSPICIOUS_MOVE = YES;
				CLANG_WARN_UNGUARDED_AVAILABILITY = YES_AGGRESSIVE;
				CLANG_WARN_UNREACHABLE_CODE = YES;
				CLANG_WARN__DUPLICATE_METHOD_MATCH = YES;
				COPY_PHASE_STRIP = NO;
				DEBUG_INFORMATION_FORMAT = dwarf;
				ENABLE_STRICT_OBJC_MSGSEND = YES;
				ENABLE_TESTABILITY = YES;
				GCC_C_LANGUAGE_STANDARD = gnu11;
				GCC_DYNAMIC_NO_PIC = NO;
				GCC_NO_COMMON_BLOCKS = YES;
				GCC_OPTIMIZATION_LEVEL = 0;
				GCC_PREPROCESSOR_DEFINITIONS = (
					"DEBUG=1",
					"$(inherited)",
				);
				GCC_WARN_64_TO_32_BIT_CONVERSION = YES;
				GCC_WARN_ABOUT_RETURN_TYPE = YES_ERROR;
				GCC_WARN_UNDECLARED_SELECTOR = YES;
				GCC_WARN_UNINITIALIZED_AUTOS = YES_AGGRESSIVE;
				GCC_WARN_UNUSED_FUNCTION = YES;
				GCC_WARN_UNUSED_VARIABLE = YES;
				IPHONEOS_DEPLOYMENT_TARGET = 13.0;
				MTL_ENABLE_DEBUG_INFO = INCLUDE_SOURCE;
				MTL_FAST_MATH = YES;
				ONLY_ACTIVE_ARCH = YES;
				SDKROOT = iphoneos;
				SWIFT_ACTIVE_COMPILATION_CONDITIONS = DEBUG;
				SWIFT_OPTIMIZATION_LEVEL = "-Onone";
			};
			name = Debug;
		};
		38AA197C234BDF0B00A72AD7 /* Release */ = {
			isa = XCBuildConfiguration;
			buildSettings = {
				ALWAYS_SEARCH_USER_PATHS = NO;
				CLANG_ANALYZER_NONNULL = YES;
				CLANG_ANALYZER_NUMBER_OBJECT_CONVERSION = YES_AGGRESSIVE;
				CLANG_CXX_LANGUAGE_STANDARD = "gnu++14";
				CLANG_CXX_LIBRARY = "libc++";
				CLANG_ENABLE_MODULES = YES;
				CLANG_ENABLE_OBJC_ARC = YES;
				CLANG_ENABLE_OBJC_WEAK = YES;
				CLANG_WARN_BLOCK_CAPTURE_AUTORELEASING = YES;
				CLANG_WARN_BOOL_CONVERSION = YES;
				CLANG_WARN_COMMA = YES;
				CLANG_WARN_CONSTANT_CONVERSION = YES;
				CLANG_WARN_DEPRECATED_OBJC_IMPLEMENTATIONS = YES;
				CLANG_WARN_DIRECT_OBJC_ISA_USAGE = YES_ERROR;
				CLANG_WARN_DOCUMENTATION_COMMENTS = YES;
				CLANG_WARN_EMPTY_BODY = YES;
				CLANG_WARN_ENUM_CONVERSION = YES;
				CLANG_WARN_INFINITE_RECURSION = YES;
				CLANG_WARN_INT_CONVERSION = YES;
				CLANG_WARN_NON_LITERAL_NULL_CONVERSION = YES;
				CLANG_WARN_OBJC_IMPLICIT_RETAIN_SELF = YES;
				CLANG_WARN_OBJC_LITERAL_CONVERSION = YES;
				CLANG_WARN_OBJC_ROOT_CLASS = YES_ERROR;
				CLANG_WARN_RANGE_LOOP_ANALYSIS = YES;
				CLANG_WARN_STRICT_PROTOTYPES = YES;
				CLANG_WARN_SUSPICIOUS_MOVE = YES;
				CLANG_WARN_UNGUARDED_AVAILABILITY = YES_AGGRESSIVE;
				CLANG_WARN_UNREACHABLE_CODE = YES;
				CLANG_WARN__DUPLICATE_METHOD_MATCH = YES;
				COPY_PHASE_STRIP = NO;
				DEBUG_INFORMATION_FORMAT = "dwarf-with-dsym";
				ENABLE_NS_ASSERTIONS = NO;
				ENABLE_STRICT_OBJC_MSGSEND = YES;
				GCC_C_LANGUAGE_STANDARD = gnu11;
				GCC_NO_COMMON_BLOCKS = YES;
				GCC_WARN_64_TO_32_BIT_CONVERSION = YES;
				GCC_WARN_ABOUT_RETURN_TYPE = YES_ERROR;
				GCC_WARN_UNDECLARED_SELECTOR = YES;
				GCC_WARN_UNINITIALIZED_AUTOS = YES_AGGRESSIVE;
				GCC_WARN_UNUSED_FUNCTION = YES;
				GCC_WARN_UNUSED_VARIABLE = YES;
				IPHONEOS_DEPLOYMENT_TARGET = 13.0;
				MTL_ENABLE_DEBUG_INFO = NO;
				MTL_FAST_MATH = YES;
				SDKROOT = iphoneos;
				SWIFT_COMPILATION_MODE = wholemodule;
				SWIFT_OPTIMIZATION_LEVEL = "-O";
				VALIDATE_PRODUCT = YES;
			};
			name = Release;
		};
		38AA197E234BDF0B00A72AD7 /* Debug */ = {
			isa = XCBuildConfiguration;
			buildSettings = {
				ASSETCATALOG_COMPILER_APPICON_NAME = AppIcon;
				CODE_SIGN_STYLE = Automatic;
				DEVELOPMENT_ASSET_PATHS = "\"ShareSheetDemo/Preview Content\"";
				DEVELOPMENT_TEAM = 6G567CKXTY;
				ENABLE_PREVIEWS = YES;
				INFOPLIST_FILE = ShareSheetDemo/Info.plist;
				LD_RUNPATH_SEARCH_PATHS = (
					"$(inherited)",
					"@executable_path/Frameworks",
				);
				PRODUCT_BUNDLE_IDENTIFIER = "com.circuit-dragon.ShareSheetDemo";
				PRODUCT_NAME = "$(TARGET_NAME)";
				SWIFT_VERSION = 5.0;
				TARGETED_DEVICE_FAMILY = "1,2";
			};
			name = Debug;
		};
		38AA197F234BDF0B00A72AD7 /* Release */ = {
			isa = XCBuildConfiguration;
			buildSettings = {
				ASSETCATALOG_COMPILER_APPICON_NAME = AppIcon;
				CODE_SIGN_STYLE = Automatic;
				DEVELOPMENT_ASSET_PATHS = "\"ShareSheetDemo/Preview Content\"";
				DEVELOPMENT_TEAM = 6G567CKXTY;
				ENABLE_PREVIEWS = YES;
				INFOPLIST_FILE = ShareSheetDemo/Info.plist;
				LD_RUNPATH_SEARCH_PATHS = (
					"$(inherited)",
					"@executable_path/Frameworks",
				);
				PRODUCT_BUNDLE_IDENTIFIER = "com.circuit-dragon.ShareSheetDemo";
				PRODUCT_NAME = "$(TARGET_NAME)";
				SWIFT_VERSION = 5.0;
				TARGETED_DEVICE_FAMILY = "1,2";
			};
			name = Release;
		};
/* End XCBuildConfiguration section */

/* Begin XCConfigurationList section */
		38AA1964234BDF0800A72AD7 /* Build configuration list for PBXProject "ShareSheetDemo" */ = {
			isa = XCConfigurationList;
			buildConfigurations = (
				38AA197B234BDF0B00A72AD7 /* Debug */,
				38AA197C234BDF0B00A72AD7 /* Release */,
			);
			defaultConfigurationIsVisible = 0;
			defaultConfigurationName = Release;
		};
		38AA197D234BDF0B00A72AD7 /* Build configuration list for PBXNativeTarget "ShareSheetDemo" */ = {
			isa = XCConfigurationList;
			buildConfigurations = (
				38AA197E234BDF0B00A72AD7 /* Debug */,
				38AA197F234BDF0B00A72AD7 /* Release */,
			);
			defaultConfigurationIsVisible = 0;
			defaultConfigurationName = Release;
		};
/* End XCConfigurationList section */
	};
	rootObject = 38AA1961234BDF0800A72AD7 /* Project object */;
}
